
Microsoft Visual Studio Solution File, Format Version 12.00
# Visual Studio Version 16
VisualStudioVersion = 16.0.29215.179
MinimumVisualStudioVersion = 10.0.40219.1
Project("{FAE04EC0-301F-11D3-BF4B-00C04F79EFBC}") = "Kanban.Android", "Kanban\Kanban.Android\Kanban.Android.csproj", "{7C641DD1-4127-4A49-811F-CF465E23B752}"
EndProject
Project("{FAE04EC0-301F-11D3-BF4B-00C04F79EFBC}") = "Kanban", "Kanban\Kanban\Kanban.csproj", "{58911F46-DFC1-4F81-BD78-BBF4B36C0BE2}"
EndProject
Global
	GlobalSection(SolutionConfigurationPlatforms) = preSolution
		Debug|Any CPU = Debug|Any CPU
		Release|Any CPU = Release|Any CPU
	EndGlobalSection
	GlobalSection(ProjectConfigurationPlatforms) = postSolution
		{7C641DD1-4127-4A49-811F-CF465E23B752}.Debug|Any CPU.ActiveCfg = Debug|Any CPU
		{7C641DD1-4127-4A49-811F-CF465E23B752}.Debug|Any CPU.Build.0 = Debug|Any CPU
		{7C641DD1-4127-4A49-811F-CF465E23B752}.Debug|Any CPU.Deploy.0 = Debug|Any CPU
		{7C641DD1-4127-4A49-811F-CF465E23B752}.Release|Any CPU.ActiveCfg = Release|Any CPU
		{7C641DD1-4127-4A49-811F-CF465E23B752}.Release|Any CPU.Build.0 = Release|Any CPU
		{7C641DD1-4127-4A49-811F-CF465E23B752}.Release|Any CPU.Deploy.0 = Release|Any CPU
		{58911F46-DFC1-4F81-BD78-BBF4B36C0BE2}.Debug|Any CPU.ActiveCfg = Debug|Any CPU
		{58911F46-DFC1-4F81-BD78-BBF4B36C0BE2}.Debug|Any CPU.Build.0 = Debug|Any CPU
		{58911F46-DFC1-4F81-BD78-BBF4B36C0BE2}.Debug|Any CPU.Deploy.0 = Debug|Any CPU
		{58911F46-DFC1-4F81-BD78-BBF4B36C0BE2}.Release|Any CPU.ActiveCfg = Release|Any CPU
		{58911F46-DFC1-4F81-BD78-BBF4B36C0BE2}.Release|Any CPU.Build.0 = Release|Any CPU
		{58911F46-DFC1-4F81-BD78-BBF4B36C0BE2}.Release|Any CPU.Deploy.0 = Release|Any CPU
	EndGlobalSection
	GlobalSection(SolutionProperties) = preSolution
		HideSolutionNode = FALSE
	EndGlobalSection
	GlobalSection(ExtensibilityGlobals) = postSolution
		SolutionGuid = {D566B09A-78AC-4D26-A213-D801D582EADC}
	EndGlobalSection
EndGlobal
